# Generated by conda-lock.
# platform: osx-64
# input_hash: a0c4d1d92440734399809d87c3f40f47b30cf25ac5bec73634117d311a3e418c
@EXPLICIT
https://conda.anaconda.org/conda-forge/osx-64/ca-certificates-2024.8.30-h8857fd0_0.conda#b7e5424e7f06547a903d28e4651dbb21
https://conda.anaconda.org/conda-forge/osx-64/dart-sass-1.58.3-h694c41f_1.conda#5151299fff69a62e792c79d1b726a470
https://conda.anaconda.org/conda-forge/osx-64/esbuild-0.24.0-h694c41f_0.conda#ed8675524721c7bfb14bb3d92e7ef9cb
https://conda.anaconda.org/conda-forge/osx-64/libffi-3.4.2-h0d85af4_5.tar.bz2#ccb34fb14960ad8b125962d3d79b31a9
https://conda.anaconda.org/conda-forge/osx-64/libjpeg-turbo-3.0.0-h0dc2134_1.conda#72507f8e3961bc968af17435060b6dd6
https://conda.anaconda.org/conda-forge/osx-64/libwebp-base-1.4.0-h10d778d_0.conda#b2c0047ea73819d992484faacbbe1c24
https://conda.anaconda.org/conda-forge/osx-64/pandoc-3.2-h694c41f_0.conda#e2c54cad9c955434dbfe89fc655e516d
https://conda.anaconda.org/conda-forge/osx-64/python_abi-3.11-5_cp311.conda#e6d62858c06df0be0e6255c753d74787
https://conda.anaconda.org/conda-forge/osx-64/typst-0.11.0-h11a7dfb_0.conda#ec223d03456b9eedef3b2ee5af215904
https://conda.anaconda.org/conda-forge/noarch/tzdata-2024b-hc8b5060_0.conda#8ac3367aafb1cc0a068483c580af8015
https://conda.anaconda.org/conda-forge/osx-64/bzip2-1.0.8-hfdf4475_7.conda#7ed4301d437b59045be7e051a0308211
https://conda.anaconda.org/conda-forge/osx-64/deno-1.41.0-h86af993_0.conda#361c906c5c3c883956ebb7fa360908d0
https://conda.anaconda.org/conda-forge/osx-64/libbrotlicommon-1.1.0-h00291cd_2.conda#58f2c4bdd56c46cc7451596e4ae68e0b
https://conda.anaconda.org/conda-forge/osx-64/libcxx-19.1.5-hf95d169_0.conda#a20d4ea6839510372d1eeb8532b09acf
https://conda.anaconda.org/conda-forge/osx-64/libdeflate-1.22-h00291cd_0.conda#a15785ccc62ae2a8febd299424081efb
https://conda.anaconda.org/conda-forge/osx-64/libexpat-2.6.4-h240833e_0.conda#20307f4049a735a78a29073be1be2626
https://conda.anaconda.org/conda-forge/osx-64/liblzma-5.6.3-hd471939_1.conda#f9e9205fed9c664421c1c09f0b90ce6d
https://conda.anaconda.org/conda-forge/osx-64/libsodium-1.0.20-hfdf4475_0.conda#6af4b059e26492da6013e79cbcb4d069
https://conda.anaconda.org/conda-forge/osx-64/libzlib-1.3.1-hd23fc13_2.conda#003a54a4e32b02f7355b50a837e699da
https://conda.anaconda.org/conda-forge/osx-64/llvm-openmp-19.1.5-ha54dae1_0.conda#fc0cec628a431e2f87d09e83a3a579e1
https://conda.anaconda.org/conda-forge/osx-64/ncurses-6.5-hf036a51_1.conda#e102bbf8a6ceeaf429deab8032fc8977
https://conda.anaconda.org/conda-forge/osx-64/openssl-3.4.0-hd471939_0.conda#ec99d2ce0b3033a75cbad01bbc7c5b71
https://conda.anaconda.org/conda-forge/osx-64/pthread-stubs-0.4-h00291cd_1002.conda#8bcf980d2c6b17094961198284b8e862
https://conda.anaconda.org/conda-forge/osx-64/xorg-libxau-1.0.11-h00291cd_1.conda#c6cc91149a08402bbb313c5dc0142567
https://conda.anaconda.org/conda-forge/osx-64/xorg-libxdmcp-1.1.5-h00291cd_0.conda#9f438e1b6f4e73fd9e6d78bfe7c36743
https://conda.anaconda.org/conda-forge/osx-64/deno-dom-0.1.35-h08cba0f_1.conda#a066a401b756000c623b09113f59f9c1
https://conda.anaconda.org/conda-forge/osx-64/lerc-4.0.0-hb486fe8_0.tar.bz2#f9d6a4c82889d5ecedec1d90eb673c55
https://conda.anaconda.org/conda-forge/osx-64/libbrotlidec-1.1.0-h00291cd_2.conda#34709a1f5df44e054c4a12ab536c5459
https://conda.anaconda.org/conda-forge/osx-64/libbrotlienc-1.1.0-h00291cd_2.conda#691f0dcb36f1ae67f5c489f20ae987ea
https://conda.anaconda.org/conda-forge/osx-64/libedit-3.1.20191231-h0678c8f_2.tar.bz2#6016a8a1d0e63cac3de2c352cd40208b
https://conda.anaconda.org/conda-forge/osx-64/libgfortran5-13.2.0-h2873a65_3.conda#e4fb4d23ec2870ff3c40d10afe305aec
https://conda.anaconda.org/conda-forge/osx-64/libpng-1.6.44-h4b8f8c9_0.conda#f32ac2c8dd390dbf169f550887ed09d9
https://conda.anaconda.org/conda-forge/osx-64/libsqlite-3.47.2-hdb6dae5_0.conda#44d9799fda97eb34f6d88ac1e3eb0ea6
https://conda.anaconda.org/conda-forge/osx-64/libxcb-1.17.0-hf1f96e2_0.conda#bbeca862892e2898bdb45792a61c4afc
https://conda.anaconda.org/conda-forge/osx-64/qhull-2020.2-h3c5361c_5.conda#dd1ea9ff27c93db7c01a7b7656bd4ad4
https://conda.anaconda.org/conda-forge/osx-64/readline-8.2-h9e318b2_1.conda#f17f77f2acf4d344734bda76829ce14e
https://conda.anaconda.org/conda-forge/osx-64/tk-8.6.13-h1abcd95_1.conda#bf830ba5afc507c6232d4ef0fb1a882d
https://conda.anaconda.org/conda-forge/osx-64/zstd-1.5.6-h915ae27_0.conda#4cb2cd56f039b129bb0e491c1164167e
https://conda.anaconda.org/conda-forge/osx-64/brotli-bin-1.1.0-h00291cd_2.conda#049933ecbf552479a12c7917f0a4ce59
https://conda.anaconda.org/conda-forge/osx-64/freetype-2.12.1-h60636b9_2.conda#25152fce119320c980e5470e64834b50
https://conda.anaconda.org/conda-forge/osx-64/krb5-1.21.3-h37d8d59_0.conda#d4765c524b1d91567886bde656fb514b
https://conda.anaconda.org/conda-forge/osx-64/libgfortran-5.0.0-13_2_0_h97931a8_3.conda#0b6e23a012ee7a9a5f6b244f5a92c1d5
https://conda.anaconda.org/conda-forge/osx-64/libtiff-4.7.0-hf4bdac2_2.conda#99a4153a4ee19d4902c0c08bfae4cdb4
https://conda.anaconda.org/conda-forge/osx-64/python-3.11.11-h9ccd52b_1_cpython.conda#9b20fb7c571405d29f33ae2fc5990d8d
https://conda.anaconda.org/conda-forge/osx-64/quarto-1.5.57-h694c41f_1.conda#f3c51d792e4923e12cc7cf6a7c8141cb
https://conda.anaconda.org/conda-forge/noarch/appnope-0.1.4-pyhd8ed1ab_1.conda#54898d0f524c9dee622d44bbb081a8ab
https://conda.anaconda.org/conda-forge/noarch/asttokens-3.0.0-pyhd8ed1ab_1.conda#8f587de4bcf981e26228f268df374a9b
https://conda.anaconda.org/conda-forge/noarch/attrs-24.2.0-pyh71513ae_1.conda#2018839db45c79654b57a924fcdd27d0
https://conda.anaconda.org/conda-forge/osx-64/brotli-1.1.0-h00291cd_2.conda#2db0c38a7f2321c5bdaf32b181e832c7
https://conda.anaconda.org/conda-forge/noarch/certifi-2024.8.30-pyhd8ed1ab_0.conda#12f7d00853807b0531775e9be891cb11
https://conda.anaconda.org/conda-forge/noarch/click-8.1.7-unix_pyh707e725_1.conda#cb8e52f28f5e592598190c562e7b5bf1
https://conda.anaconda.org/conda-forge/noarch/cycler-0.12.1-pyhd8ed1ab_1.conda#44600c4667a319d67dbe0681fc0bc833
https://conda.anaconda.org/conda-forge/osx-64/debugpy-1.8.10-py311hc356e98_0.conda#127d4d44e56529948f86db9ddf30854f
https://conda.anaconda.org/conda-forge/noarch/decorator-5.1.1-pyhd8ed1ab_1.conda#d622d8d7ee8868870f9cbe259f381181
https://conda.anaconda.org/conda-forge/noarch/exceptiongroup-1.2.2-pyhd8ed1ab_1.conda#a16662747cdeb9abbac74d0057cc976e
https://conda.anaconda.org/conda-forge/noarch/executing-2.1.0-pyhd8ed1ab_1.conda#ef8b5fca76806159fc25b4f48d8737eb
https://conda.anaconda.org/conda-forge/osx-64/kiwisolver-1.4.7-py311hf2f7c97_0.conda#24b0e3e3444be9fabcc8457c409e297f
https://conda.anaconda.org/conda-forge/osx-64/lcms2-2.16-ha2f27b4_0.conda#1442db8f03517834843666c422238c9b
https://conda.anaconda.org/conda-forge/osx-64/libopenblas-0.3.28-openmp_hbf64a52_1.conda#cd2c572c02a73b88c4d378eb31110e85
https://conda.anaconda.org/conda-forge/osx-64/markupsafe-3.0.2-py311ha3cf9ac_1.conda#1d6596ca7c7b66215c5c0d58b3cb0dd3
https://conda.anaconda.org/conda-forge/noarch/multimethod-1.9.1-pyhd8ed1ab_0.conda#48223af3f697ccd9b114adb6a66e0f11
https://conda.anaconda.org/conda-forge/noarch/munkres-1.1.4-pyh9f0ad1d_0.tar.bz2#2ba8498c1018c1e9c61eb99b973dfe19
https://conda.anaconda.org/conda-forge/noarch/mypy_extensions-1.0.0-pyha770c72_1.conda#29097e7ea634a45cc5386b95cac6568f
https://conda.anaconda.org/conda-forge/noarch/narwhals-1.17.0-pyhd8ed1ab_0.conda#03d28238e1120eda7c8948422b62fd60
https://conda.anaconda.org/conda-forge/noarch/nest-asyncio-1.6.0-pyhd8ed1ab_1.conda#598fd7d4d0de2455fb74f56063969a97
https://conda.anaconda.org/conda-forge/osx-64/openjpeg-2.5.3-h7fd6d84_0.conda#025c711177fc3309228ca1a32374458d
https://conda.anaconda.org/conda-forge/noarch/packaging-24.2-pyhd8ed1ab_2.conda#3bfed7e6228ebf2f7b9eaa47f1b4e2aa
https://conda.anaconda.org/conda-forge/noarch/parso-0.8.4-pyhd8ed1ab_1.conda#5c092057b6badd30f75b06244ecd01c9
https://conda.anaconda.org/conda-forge/noarch/pickleshare-0.7.5-pyhd8ed1ab_1004.conda#11a9d1d09a3615fc07c3faf79bc0b943
https://conda.anaconda.org/conda-forge/noarch/pkgutil-resolve-name-1.3.10-pyhd8ed1ab_2.conda#5a5870a74432aa332f7d32180633ad05
https://conda.anaconda.org/conda-forge/noarch/platformdirs-4.3.6-pyhd8ed1ab_1.conda#577852c7e53901ddccc7e6a9959ddebe
https://conda.anaconda.org/conda-forge/osx-64/psutil-6.1.0-py311h1314207_0.conda#446e328d89429c077ccd74d7e9d8853e
https://conda.anaconda.org/conda-forge/noarch/ptyprocess-0.7.0-pyhd8ed1ab_1.conda#7d9daffbb8d8e0af0f769dbbcd173a54
https://conda.anaconda.org/conda-forge/noarch/pure_eval-0.2.3-pyhd8ed1ab_1.conda#3bfdfb8dbcdc4af1ae3f9a8eb3948f04
https://conda.anaconda.org/conda-forge/noarch/pygments-2.18.0-pyhd8ed1ab_1.conda#b38dc0206e2a530e5c2cf11dc086b31a
https://conda.anaconda.org/conda-forge/noarch/pyparsing-3.2.0-pyhd8ed1ab_2.conda#4c05a2bcf87bb495512374143b57cf28
https://conda.anaconda.org/conda-forge/noarch/python-tzdata-2024.2-pyhd8ed1ab_1.conda#c0def296b2f6d2dd7b030c2a7f66bb1f
https://conda.anaconda.org/conda-forge/noarch/pytz-2024.1-pyhd8ed1ab_0.conda#3eeeeb9e4827ace8c0c1419c85d590ad
https://conda.anaconda.org/conda-forge/osx-64/rpds-py-0.22.3-py311h3b9c2be_0.conda#19f12b2368042654dbc26036f036483b
https://conda.anaconda.org/conda-forge/noarch/setuptools-75.6.0-pyhff2d567_1.conda#fc80f7995e396cbaeabd23cf46c413dc
https://conda.anaconda.org/conda-forge/noarch/six-1.17.0-pyhd8ed1ab_0.conda#a451d576819089b0d672f18768be0f65
https://conda.anaconda.org/conda-forge/noarch/tabulate-0.9.0-pyhd8ed1ab_2.conda#959484a66b4b76befcddc4fa97c95567
https://conda.anaconda.org/conda-forge/noarch/threadpoolctl-3.5.0-pyhc1e730c_0.conda#df68d78237980a159bd7149f33c0e8fd
https://conda.anaconda.org/conda-forge/osx-64/tornado-6.4.2-py311h4d7f069_0.conda#073c42a2b6b7e4219325b1f5983c7579
https://conda.anaconda.org/conda-forge/noarch/traitlets-5.14.3-pyhd8ed1ab_1.conda#019a7385be9af33791c989871317e1ed
https://conda.anaconda.org/conda-forge/noarch/typing_extensions-4.12.2-pyha770c72_1.conda#d17f13df8b65464ca316cbc000a3cb64
https://conda.anaconda.org/conda-forge/osx-64/unicodedata2-15.1.0-py311h1314207_1.conda#574fd9b8168c1b109003c3c431c0bb7e
https://conda.anaconda.org/conda-forge/osx-64/vl-convert-python-1.7.0-py311h3336109_1.conda#e6d252a565836ba52bab483451bd6a28
https://conda.anaconda.org/conda-forge/noarch/wcwidth-0.2.13-pyhd8ed1ab_1.conda#b68980f2495d096e71c7fd9d7ccf63e6
https://conda.anaconda.org/conda-forge/osx-64/wrapt-1.17.0-py311h4d7f069_0.conda#d6968f9048802d4a3c608cae0fc08b6d
https://conda.anaconda.org/conda-forge/osx-64/zeromq-4.3.5-h7130eaa_7.conda#6a0a76cd2b3d575e1b7aaeb283b9c3ed
https://conda.anaconda.org/conda-forge/noarch/zipp-3.21.0-pyhd8ed1ab_1.conda#0c3cc595284c5e8f0f9900a9b228a332
https://conda.anaconda.org/conda-forge/noarch/comm-0.2.2-pyhd8ed1ab_1.conda#74673132601ec2b7fc592755605f4c1b
https://conda.anaconda.org/conda-forge/osx-64/fonttools-4.55.3-py311ha3cf9ac_0.conda#b43d54b89bf4b9aae6d3a66033549e51
https://conda.anaconda.org/conda-forge/noarch/importlib-metadata-8.5.0-pyha770c72_1.conda#315607a3030ad5d5227e76e0733798ff
https://conda.anaconda.org/conda-forge/noarch/importlib_resources-6.4.5-pyhd8ed1ab_1.conda#15798fa69312d433af690c8c42b3fb36
https://conda.anaconda.org/conda-forge/noarch/jedi-0.19.2-pyhd8ed1ab_1.conda#a4f4c5dc9b80bc50e0d3dc4e6e8f1bd9
https://conda.anaconda.org/conda-forge/noarch/jinja2-3.1.4-pyhd8ed1ab_1.conda#08cce3151bde4ecad7885bd9fb647532
https://conda.anaconda.org/conda-forge/noarch/joblib-1.4.2-pyhd8ed1ab_1.conda#bf8243ee348f3a10a14ed0cae323e0c1
https://conda.anaconda.org/conda-forge/noarch/jupyter_core-5.7.2-pyh31011fe_1.conda#0a2980dada0dd7fd0998f0342308b1b1
https://conda.anaconda.org/conda-forge/osx-64/libblas-3.9.0-25_osx64_openblas.conda#da0a6f87958893e1d2e2bbc7e7a6541f
https://conda.anaconda.org/conda-forge/noarch/matplotlib-inline-0.1.7-pyhd8ed1ab_1.conda#af6ab708897df59bd6e7283ceab1b56b
https://conda.anaconda.org/conda-forge/noarch/pexpect-4.9.0-pyhd8ed1ab_1.conda#d0d408b1f18883a944376da5cf8101ea
https://conda.anaconda.org/conda-forge/osx-64/pillow-11.0.0-py311h1f68098_0.conda#ab73babea5e9a94d4f0f3c8fead83459
https://conda.anaconda.org/conda-forge/noarch/prompt-toolkit-3.0.48-pyha770c72_1.conda#368d4aa48358439e07a97ae237491785
https://conda.anaconda.org/conda-forge/noarch/python-dateutil-2.9.0.post0-pyhff2d567_1.conda#5ba79d7c71f03c678c8ead841f347d6e
https://conda.anaconda.org/conda-forge/osx-64/pyzmq-26.2.0-py311h4d3da15_3.conda#48a614f384285254a3224d086dc84ce3
https://conda.anaconda.org/conda-forge/noarch/referencing-0.35.1-pyhd8ed1ab_1.conda#8c9083612c1bfe6878715ed5732605f8
https://conda.anaconda.org/conda-forge/noarch/stack_data-0.6.3-pyhd8ed1ab_1.conda#b1b505328da7a6b246787df4b5a49fbc
https://conda.anaconda.org/conda-forge/noarch/typing-extensions-4.12.2-hd8ed1ab_1.conda#b6a408c64b78ec7b779a3e5c7a902433
https://conda.anaconda.org/conda-forge/noarch/typing_inspect-0.9.0-pyhd8ed1ab_1.conda#fa31df4d4193aabccaf09ce78a187faf
https://conda.anaconda.org/conda-forge/noarch/annotated-types-0.7.0-pyhd8ed1ab_1.conda#2934f256a8acfe48f6ebb4fce6cde29c
https://conda.anaconda.org/conda-forge/noarch/ipython-8.30.0-pyh707e725_0.conda#5d6e5cb3a4b820f61b2073f0ad5431f1
https://conda.anaconda.org/conda-forge/noarch/jsonschema-specifications-2024.10.1-pyhd8ed1ab_1.conda#3b519bc21bc80e60b456f1e62962a766
https://conda.anaconda.org/conda-forge/noarch/jupyter_client-8.6.3-pyhd8ed1ab_1.conda#4ebae00eae9705b0c3d6d1018a81d047
https://conda.anaconda.org/conda-forge/osx-64/libcblas-3.9.0-25_osx64_openblas.conda#ab304b75ea67f850cf7adf9156e3f62f
https://conda.anaconda.org/conda-forge/osx-64/liblapack-3.9.0-25_osx64_openblas.conda#dda0e24b4605ebbd381e48606a107bed
https://conda.anaconda.org/conda-forge/osx-64/pydantic-core-2.27.1-py311h3b9c2be_0.conda#bf4260289161c2c5dab79ae4927039b9
https://conda.anaconda.org/conda-forge/noarch/typeguard-4.4.1-pyhd8ed1ab_1.conda#2de116bbe966ec72715f2423337438dd
https://conda.anaconda.org/conda-forge/noarch/ipykernel-6.29.5-pyh57ce528_0.conda#9eb15d654daa0ef5a98802f586bb4ffc
https://conda.anaconda.org/conda-forge/noarch/jsonschema-4.23.0-pyhd8ed1ab_1.conda#a3cead9264b331b32fe8f0aabc967522
https://conda.anaconda.org/conda-forge/osx-64/numpy-2.1.3-py311h14ed71f_0.conda#220e4e917b6133e0cbb879c48c058adc
https://conda.anaconda.org/conda-forge/noarch/pydantic-2.10.3-pyh3cfb1c2_0.conda#194ef7f91286978521350f171b117f01
https://conda.anaconda.org/conda-forge/noarch/altair-5.5.0-pyhd8ed1ab_0.conda#a36e83a3ca4416a393be9d023f1f9c8d
https://conda.anaconda.org/conda-forge/osx-64/contourpy-1.3.1-py311h4e34fa0_0.conda#6bc3882064e277827934e2c6e5281661
https://conda.anaconda.org/conda-forge/osx-64/pandas-2.2.3-py311haeb46be_1.conda#ca32a9963a1b5c636b5131831ded81f3
https://conda.anaconda.org/conda-forge/noarch/patsy-1.0.1-pyhd8ed1ab_1.conda#ee23fabfd0a8c6b8d6f3729b47b2859d
https://conda.anaconda.org/conda-forge/osx-64/scipy-1.14.1-py311h86b91e6_2.conda#a7fd113fc0f753f18b0a9c1b398df076
https://conda.anaconda.org/conda-forge/osx-64/matplotlib-base-3.9.3-py311h19a4563_0.conda#8c0cd76938ca846fda82d1fa9039e63a
https://conda.anaconda.org/conda-forge/noarch/pandera-base-0.21.1-pyhd8ed1ab_0.conda#5463b8ba571256dc6664179ecbfb14df
https://conda.anaconda.org/conda-forge/osx-64/scikit-learn-1.5.2-py311ha1d5734_1.conda#2797c34b77d64a38c092dd9b21ed908b
https://conda.anaconda.org/conda-forge/osx-64/statsmodels-0.14.4-py311h0034819_0.conda#af6a959439f8487ca14bd6e9efc1dc26
https://conda.anaconda.org/conda-forge/osx-64/matplotlib-3.9.3-py311h6eed73b_0.conda#7805057286fc2a2bb54ecba6e0377bac
https://conda.anaconda.org/conda-forge/noarch/pandera-0.21.1-hd8ed1ab_0.conda#08577567efea6cd29ca15ecdec90d635
https://conda.anaconda.org/conda-forge/noarch/seaborn-base-0.13.2-pyhd8ed1ab_3.conda#fd96da444e81f9e6fcaac38590f3dd42
https://conda.anaconda.org/conda-forge/noarch/seaborn-0.13.2-hd8ed1ab_3.conda#62afb877ca2c2b4b6f9ecb37320085b6
